
Microsoft Visual Studio Solution File, Format Version 12.00
# Visual Studio 2013
VisualStudioVersion = 12.0.31101.0
MinimumVisualStudioVersion = 10.0.40219.1
Project("{FAE04EC0-301F-11D3-BF4B-00C04F79EFBC}") = "Player", "Player\Player.csproj", "{085F596E-E836-4BF2-865C-07BB493F83DB}"
	ProjectSection(ProjectDependencies) = postProject
		{7F54E99B-9BA9-4DE1-9D80-21D99E838D0F} = {7F54E99B-9BA9-4DE1-9D80-21D99E838D0F}
	EndProjectSection
EndProject
Project("{FAE04EC0-301F-11D3-BF4B-00C04F79EFBC}") = "Player.Web", "Player.Web\Player.Web.csproj", "{FFD1C55A-B93D-42CF-8B76-AB33DC5CFA54}"
EndProject
Project("{FAE04EC0-301F-11D3-BF4B-00C04F79EFBC}") = "multicast-silverlight-lib", "..\multicast-silverlight-lib\multicast-silverlight-lib.csproj", "{7F54E99B-9BA9-4DE1-9D80-21D99E838D0F}"
EndProject
Project("{FAE04EC0-301F-11D3-BF4B-00C04F79EFBC}") = "TestApp", "..\multicast-silverlight-lib\TestApp\TestApp.csproj", "{61115783-7079-489E-8EB3-CDB8F08EACEB}"
EndProject
Global
	GlobalSection(SolutionConfigurationPlatforms) = preSolution
		Debug|Any CPU = Debug|Any CPU
		Release|Any CPU = Release|Any CPU
	EndGlobalSection
	GlobalSection(ProjectConfigurationPlatforms) = postSolution
		{085F596E-E836-4BF2-865C-07BB493F83DB}.Debug|Any CPU.ActiveCfg = Debug|Any CPU
		{085F596E-E836-4BF2-865C-07BB493F83DB}.Debug|Any CPU.Build.0 = Debug|Any CPU
		{085F596E-E836-4BF2-865C-07BB493F83DB}.Release|Any CPU.ActiveCfg = Release|Any CPU
		{085F596E-E836-4BF2-865C-07BB493F83DB}.Release|Any CPU.Build.0 = Release|Any CPU
		{FFD1C55A-B93D-42CF-8B76-AB33DC5CFA54}.Debug|Any CPU.ActiveCfg = Debug|Any CPU
		{FFD1C55A-B93D-42CF-8B76-AB33DC5CFA54}.Debug|Any CPU.Build.0 = Debug|Any CPU
		{FFD1C55A-B93D-42CF-8B76-AB33DC5CFA54}.Release|Any CPU.ActiveCfg = Release|Any CPU
		{FFD1C55A-B93D-42CF-8B76-AB33DC5CFA54}.Release|Any CPU.Build.0 = Release|Any CPU
		{7F54E99B-9BA9-4DE1-9D80-21D99E838D0F}.Debug|Any CPU.ActiveCfg = Debug|Any CPU
		{7F54E99B-9BA9-4DE1-9D80-21D99E838D0F}.Debug|Any CPU.Build.0 = Debug|Any CPU
		{7F54E99B-9BA9-4DE1-9D80-21D99E838D0F}.Release|Any CPU.ActiveCfg = Release|Any CPU
		{7F54E99B-9BA9-4DE1-9D80-21D99E838D0F}.Release|Any CPU.Build.0 = Release|Any CPU
		{61115783-7079-489E-8EB3-CDB8F08EACEB}.Debug|Any CPU.ActiveCfg = Debug|Any CPU
		{61115783-7079-489E-8EB3-CDB8F08EACEB}.Debug|Any CPU.Build.0 = Debug|Any CPU
		{61115783-7079-489E-8EB3-CDB8F08EACEB}.Release|Any CPU.ActiveCfg = Release|Any CPU
		{61115783-7079-489E-8EB3-CDB8F08EACEB}.Release|Any CPU.Build.0 = Release|Any CPU
	EndGlobalSection
	GlobalSection(SolutionProperties) = preSolution
		HideSolutionNode = FALSE
	EndGlobalSection
EndGlobal
